
Microsoft Visual Studio Solution File, Format Version 12.00
Project("{2150E333-8FDC-42A3-9474-1A3956D46DE8}") = "src", "src", "{AA0E50DF-CB5F-4182-B896-CD69B469D8C0}"
EndProject
Project("{2150E333-8FDC-42A3-9474-1A3956D46DE8}") = "test", "test", "{AB8B9BE5-80FB-492A-BA28-66228EC84369}"
EndProject
Project("{2150E333-8FDC-42A3-9474-1A3956D46DE8}") = "resources", "resources", "{7F82EE08-DF4F-42B5-BFB0-13C07658A45A}"
ProjectSection(SolutionItems) = preProject
	.gitignore = .gitignore
	README.md = README.md
	LICENSE = LICENSE
	resources\Emzam.Log.ElkLogProvider.1.0.0.nupkg = resources\Emzam.Log.ElkLogProvider.1.0.0.nupkg
	resources\Emzam.Log.ElkLogProvider.1.0.1.nupkg = resources\Emzam.Log.ElkLogProvider.1.0.1.nupkg
	resources\Serilog.Sinks.ElasticEcsLogstash.1.0.0.nupkg = resources\Serilog.Sinks.ElasticEcsLogstash.1.0.0.nupkg
	resources\Serilog.Sinks.ElasticEcsLogstash.1.0.1.nupkg = resources\Serilog.Sinks.ElasticEcsLogstash.1.0.1.nupkg
EndProjectSection
EndProject
Project("{FAE04EC0-301F-11D3-BF4B-00C04F79EFBC}") = "Serilog.Sinks.ElasticEcsLogstash", "src\Serilog.Sinks.ElasticEcsLogstash\Serilog.Sinks.ElasticEcsLogstash.csproj", "{2ED2FFD9-F950-4E1E-BC28-56CBCD6ADAD5}"
EndProject
Project("{FAE04EC0-301F-11D3-BF4B-00C04F79EFBC}") = "Emzam.Log.ElkLogProvider", "src\Emzam.Log.ElkLogProvider\Emzam.Log.ElkLogProvider.csproj", "{3D60ECF6-074E-4562-9E52-EB8099A65B33}"
EndProject
Project("{FAE04EC0-301F-11D3-BF4B-00C04F79EFBC}") = "Serilog.Sinks.EcsToElasticLogstashCoreTest", "test\Serilog.Sinks.EcsToElasticLogstashCoreTest\Serilog.Sinks.EcsToElasticLogstashCoreTest.csproj", "{BD33223E-4D51-4D00-9A19-932E46783C27}"
EndProject
Global
	GlobalSection(SolutionConfigurationPlatforms) = preSolution
		Debug|Any CPU = Debug|Any CPU
		Release|Any CPU = Release|Any CPU
	EndGlobalSection
	GlobalSection(NestedProjects) = preSolution
		{2ED2FFD9-F950-4E1E-BC28-56CBCD6ADAD5} = {AA0E50DF-CB5F-4182-B896-CD69B469D8C0}
		{3D60ECF6-074E-4562-9E52-EB8099A65B33} = {AA0E50DF-CB5F-4182-B896-CD69B469D8C0}
		{BD33223E-4D51-4D00-9A19-932E46783C27} = {AB8B9BE5-80FB-492A-BA28-66228EC84369}
	EndGlobalSection
	GlobalSection(ProjectConfigurationPlatforms) = postSolution
		{2ED2FFD9-F950-4E1E-BC28-56CBCD6ADAD5}.Debug|Any CPU.ActiveCfg = Debug|Any CPU
		{2ED2FFD9-F950-4E1E-BC28-56CBCD6ADAD5}.Debug|Any CPU.Build.0 = Debug|Any CPU
		{2ED2FFD9-F950-4E1E-BC28-56CBCD6ADAD5}.Release|Any CPU.ActiveCfg = Release|Any CPU
		{2ED2FFD9-F950-4E1E-BC28-56CBCD6ADAD5}.Release|Any CPU.Build.0 = Release|Any CPU
		{3D60ECF6-074E-4562-9E52-EB8099A65B33}.Debug|Any CPU.ActiveCfg = Debug|Any CPU
		{3D60ECF6-074E-4562-9E52-EB8099A65B33}.Debug|Any CPU.Build.0 = Debug|Any CPU
		{3D60ECF6-074E-4562-9E52-EB8099A65B33}.Release|Any CPU.ActiveCfg = Release|Any CPU
		{3D60ECF6-074E-4562-9E52-EB8099A65B33}.Release|Any CPU.Build.0 = Release|Any CPU
		{BD33223E-4D51-4D00-9A19-932E46783C27}.Debug|Any CPU.ActiveCfg = Debug|Any CPU
		{BD33223E-4D51-4D00-9A19-932E46783C27}.Debug|Any CPU.Build.0 = Debug|Any CPU
		{BD33223E-4D51-4D00-9A19-932E46783C27}.Release|Any CPU.ActiveCfg = Release|Any CPU
		{BD33223E-4D51-4D00-9A19-932E46783C27}.Release|Any CPU.Build.0 = Release|Any CPU
	EndGlobalSection
EndGlobal
